// !$*UTF8*$!
{
	archiveVersion = 1;
	classes = {
	};
	objectVersion = 50;
	objects = {

/* Begin PBXBuildFile section */
		36B34415CBD0522181122135 /* Pods_CheckBitcoinBalance.framework in Frameworks */ = {isa = PBXBuildFile; fileRef = C670359EC7CA305B1D691AE8 /* Pods_CheckBitcoinBalance.framework */; };
		DDFFD31A216A4B1600951172 /* AppDelegate.swift in Sources */ = {isa = PBXBuildFile; fileRef = DDFFD319216A4B1600951172 /* AppDelegate.swift */; };
		DDFFD31C216A4B1600951172 /* CheckBitcoinBalanceViewController.swift in Sources */ = {isa = PBXBuildFile; fileRef = DDFFD31B216A4B1600951172 /* CheckBitcoinBalanceViewController.swift */; };
		DDFFD31F216A4B1600951172 /* Main.storyboard in Resources */ = {isa = PBXBuildFile; fileRef = DDFFD31D216A4B1600951172 /* Main.storyboard */; };
		DDFFD321216A4B1800951172 /* Assets.xcassets in Resources */ = {isa = PBXBuildFile; fileRef = DDFFD320216A4B1800951172 /* Assets.xcassets */; };
		DDFFD324216A4B1800951172 /* LaunchScreen.storyboard in Resources */ = {isa = PBXBuildFile; fileRef = DDFFD322216A4B1800951172 /* LaunchScreen.storyboard */; };
		DDFFD334216A4CDA00951172 /* Bitcoin.swift in Sources */ = {isa = PBXBuildFile; fileRef = DDFFD333216A4CDA00951172 /* Bitcoin.swift */; };
		DDFFD336216A4D7800951172 /* CheckBitcoinBalanceViewModel.swift in Sources */ = {isa = PBXBuildFile; fileRef = DDFFD335216A4D7800951172 /* CheckBitcoinBalanceViewModel.swift */; };
/* End PBXBuildFile section */

/* Begin PBXFileReference section */
		883FFF049C0F3F8DA9F5A945 /* Pods-CheckBitcoinBalance.debug.xcconfig */ = {isa = PBXFileReference; includeInIndex = 1; lastKnownFileType = text.xcconfig; name = "Pods-CheckBitcoinBalance.debug.xcconfig"; path = "Pods/Target Support Files/Pods-CheckBitcoinBalance/Pods-CheckBitcoinBalance.debug.xcconfig"; sourceTree = "<group>"; };
		C670359EC7CA305B1D691AE8 /* Pods_CheckBitcoinBalance.framework */ = {isa = PBXFileReference; explicitFileType = wrapper.framework; includeInIndex = 0; path = Pods_CheckBitcoinBalance.framework; sourceTree = BUILT_PRODUCTS_DIR; };
		DDFFD316216A4B1600951172 /* CheckBitcoinBalance.app */ = {isa = PBXFileReference; explicitFileType = wrapper.application; includeInIndex = 0; path = CheckBitcoinBalance.app; sourceTree = BUILT_PRODUCTS_DIR; };
		DDFFD319216A4B1600951172 /* AppDelegate.swift */ = {isa = PBXFileReference; lastKnownFileType = sourcecode.swift; path = AppDelegate.swift; sourceTree = "<group>"; };
		DDFFD31B216A4B1600951172 /* CheckBitcoinBalanceViewController.swift */ = {isa = PBXFileReference; lastKnownFileType = sourcecode.swift; path = CheckBitcoinBalanceViewController.swift; sourceTree = "<group>"; };
		DDFFD31E216A4B1600951172 /* Base */ = {isa = PBXFileReference; lastKnownFileType = file.storyboard; name = Base; path = Base.lproj/Main.storyboard; sourceTree = "<group>"; };
		DDFFD320216A4B1800951172 /* Assets.xcassets */ = {isa = PBXFileReference; lastKnownFileType = folder.assetcatalog; path = Assets.xcassets; sourceTree = "<group>"; };
		DDFFD323216A4B1800951172 /* Base */ = {isa = PBXFileReference; lastKnownFileType = file.storyboard; name = Base; path = Base.lproj/LaunchScreen.storyboard; sourceTree = "<group>"; };
		DDFFD325216A4B1800951172 /* Info.plist */ = {isa = PBXFileReference; lastKnownFileType = text.plist.xml; path = Info.plist; sourceTree = "<group>"; };
		DDFFD333216A4CDA00951172 /* Bitcoin.swift */ = {isa = PBXFileReference; lastKnownFileType = sourcecode.swift; path = Bitcoin.swift; sourceTree = "<group>"; };
		DDFFD335216A4D7800951172 /* CheckBitcoinBalanceViewModel.swift */ = {isa = PBXFileReference; lastKnownFileType = sourcecode.swift; path = CheckBitcoinBalanceViewModel.swift; sourceTree = "<group>"; };
		DE252F00F970A5AF642F3A3B /* Pods-CheckBitcoinBalance.release.xcconfig */ = {isa = PBXFileReference; includeInIndex = 1; lastKnownFileType = text.xcconfig; name = "Pods-CheckBitcoinBalance.release.xcconfig"; path = "Pods/Target Support Files/Pods-CheckBitcoinBalance/Pods-CheckBitcoinBalance.release.xcconfig"; sourceTree = "<group>"; };
/* End PBXFileReference section */

/* Begin PBXFrameworksBuildPhase section */
		DDFFD313216A4B1600951172 /* Frameworks */ = {
			isa = PBXFrameworksBuildPhase;
			buildActionMask = 2147483647;
			files = (
				36B34415CBD0522181122135 /* Pods_CheckBitcoinBalance.framework in Frameworks */,
			);
			runOnlyForDeploymentPostprocessing = 0;
		};
/* End PBXFrameworksBuildPhase section */

/* Begin PBXGroup section */
		510CFE3F3A0936CC7952973D /* Frameworks */ = {
			isa = PBXGroup;
			children = (
				C670359EC7CA305B1D691AE8 /* Pods_CheckBitcoinBalance.framework */,
			);
			name = Frameworks;
			sourceTree = "<group>";
		};
		549F829D17F96A50147CE307 /* Pods */ = {
			isa = PBXGroup;
			children = (
				883FFF049C0F3F8DA9F5A945 /* Pods-CheckBitcoinBalance.debug.xcconfig */,
				DE252F00F970A5AF642F3A3B /* Pods-CheckBitcoinBalance.release.xcconfig */,
			);
			name = Pods;
			sourceTree = "<group>";
		};
		DDFFD30D216A4B1600951172 = {
			isa = PBXGroup;
			children = (
				DDFFD318216A4B1600951172 /* CheckBitcoinBalance */,
				DDFFD317216A4B1600951172 /* Products */,
				549F829D17F96A50147CE307 /* Pods */,
				510CFE3F3A0936CC7952973D /* Frameworks */,
			);
			sourceTree = "<group>";
		};
		DDFFD317216A4B1600951172 /* Products */ = {
			isa = PBXGroup;
			children = (
				DDFFD316216A4B1600951172 /* CheckBitcoinBalance.app */,
			);
			name = Products;
			sourceTree = "<group>";
		};
		DDFFD318216A4B1600951172 /* CheckBitcoinBalance */ = {
			isa = PBXGroup;
			children = (
				DDFFD32F216A4B7000951172 /* AppDelegate */,
				DDFFD32B216A4B2A00951172 /* Models */,
				DDFFD32E216A4B5300951172 /* ViewModels */,
				DDFFD32D216A4B3E00951172 /* Controllers */,
				DDFFD32C216A4B2C00951172 /* Views */,
				DDFFD330216A4B7E00951172 /* Resources */,
			);
			path = CheckBitcoinBalance;
			sourceTree = "<group>";
		};
		DDFFD32B216A4B2A00951172 /* Models */ = {
			isa = PBXGroup;
			children = (
				DDFFD333216A4CDA00951172 /* Bitcoin.swift */,
			);
			path = Models;
			sourceTree = "<group>";
		};
		DDFFD32C216A4B2C00951172 /* Views */ = {
			isa = PBXGroup;
			children = (
				DDFFD31D216A4B1600951172 /* Main.storyboard */,
				DDFFD322216A4B1800951172 /* LaunchScreen.storyboard */,
			);
			path = Views;
			sourceTree = "<group>";
		};
		DDFFD32D216A4B3E00951172 /* Controllers */ = {
			isa = PBXGroup;
			children = (
				DDFFD31B216A4B1600951172 /* CheckBitcoinBalanceViewController.swift */,
			);
			path = Controllers;
			sourceTree = "<group>";
		};
		DDFFD32E216A4B5300951172 /* ViewModels */ = {
			isa = PBXGroup;
			children = (
				DDFFD335216A4D7800951172 /* CheckBitcoinBalanceViewModel.swift */,
			);
			path = ViewModels;
			sourceTree = "<group>";
		};
		DDFFD32F216A4B7000951172 /* AppDelegate */ = {
			isa = PBXGroup;
			children = (
				DDFFD319216A4B1600951172 /* AppDelegate.swift */,
			);
			path = AppDelegate;
			sourceTree = "<group>";
		};
		DDFFD330216A4B7E00951172 /* Resources */ = {
			isa = PBXGroup;
			children = (
				DDFFD320216A4B1800951172 /* Assets.xcassets */,
				DDFFD325216A4B1800951172 /* Info.plist */,
			);
			path = Resources;
			sourceTree = "<group>";
		};
/* End PBXGroup section */

/* Begin PBXNativeTarget section */
		DDFFD315216A4B1600951172 /* CheckBitcoinBalance */ = {
			isa = PBXNativeTarget;
			buildConfigurationList = DDFFD328216A4B1800951172 /* Build configuration list for PBXNativeTarget "CheckBitcoinBalance" */;
			buildPhases = (
				D02F8B53604847933F656C57 /* [CP] Check Pods Manifest.lock */,
				DDFFD312216A4B1600951172 /* Sources */,
				DDFFD313216A4B1600951172 /* Frameworks */,
				DDFFD314216A4B1600951172 /* Resources */,
				18484095E9EEF951814DA8E9 /* [CP] Embed Pods Frameworks */,
			);
			buildRules = (
			);
			dependencies = (
			);
			name = CheckBitcoinBalance;
			productName = CheckBitcoinBalance;
			productReference = DDFFD316216A4B1600951172 /* CheckBitcoinBalance.app */;
			productType = "com.apple.product-type.application";
		};
/* End PBXNativeTarget section */

/* Begin PBXProject section */
		DDFFD30E216A4B1600951172 /* Project object */ = {
			isa = PBXProject;
			attributes = {
				LastSwiftUpdateCheck = 1000;
				LastUpgradeCheck = 1000;
				ORGANIZATIONNAME = "Vitalii Havryliuk";
				TargetAttributes = {
					DDFFD315216A4B1600951172 = {
						CreatedOnToolsVersion = 10.0;
					};
				};
			};
			buildConfigurationList = DDFFD311216A4B1600951172 /* Build configuration list for PBXProject "CheckBitcoinBalance" */;
			compatibilityVersion = "Xcode 9.3";
			developmentRegion = en;
			hasScannedForEncodings = 0;
			knownRegions = (
				en,
				Base,
			);
			mainGroup = DDFFD30D216A4B1600951172;
			productRefGroup = DDFFD317216A4B1600951172 /* Products */;
			projectDirPath = "";
			projectRoot = "";
			targets = (
				DDFFD315216A4B1600951172 /* CheckBitcoinBalance */,
			);
		};
/* End PBXProject section */

/* Begin PBXResourcesBuildPhase section */
		DDFFD314216A4B1600951172 /* Resources */ = {
			isa = PBXResourcesBuildPhase;
			buildActionMask = 2147483647;
			files = (
				DDFFD324216A4B1800951172 /* LaunchScreen.storyboard in Resources */,
				DDFFD321216A4B1800951172 /* Assets.xcassets in Resources */,
				DDFFD31F216A4B1600951172 /* Main.storyboard in Resources */,
			);
			runOnlyForDeploymentPostprocessing = 0;
		};
/* End PBXResourcesBuildPhase section */

/* Begin PBXShellScriptBuildPhase section */
		18484095E9EEF951814DA8E9 /* [CP] Embed Pods Frameworks */ = {
			isa = PBXShellScriptBuildPhase;
			buildActionMask = 2147483647;
			files = (
			);
			inputPaths = (
				"${SRCROOT}/Pods/Target Support Files/Pods-CheckBitcoinBalance/Pods-CheckBitcoinBalance-frameworks.sh",
				"${BUILT_PRODUCTS_DIR}/Alamofire/Alamofire.framework",
				"${BUILT_PRODUCTS_DIR}/RxCocoa/RxCocoa.framework",
				"${BUILT_PRODUCTS_DIR}/RxSwift/RxSwift.framework",
				"${BUILT_PRODUCTS_DIR}/SwiftyJSON/SwiftyJSON.framework",
			);
			name = "[CP] Embed Pods Frameworks";
			outputPaths = (
				"${TARGET_BUILD_DIR}/${FRAMEWORKS_FOLDER_PATH}/Alamofire.framework",
				"${TARGET_BUILD_DIR}/${FRAMEWORKS_FOLDER_PATH}/RxCocoa.framework",
				"${TARGET_BUILD_DIR}/${FRAMEWORKS_FOLDER_PATH}/RxSwift.framework",
				"${TARGET_BUILD_DIR}/${FRAMEWORKS_FOLDER_PATH}/SwiftyJSON.framework",
			);
			runOnlyForDeploymentPostprocessing = 0;
			shellPath = /bin/sh;
			shellScript = "\"${SRCROOT}/Pods/Target Support Files/Pods-CheckBitcoinBalance/Pods-CheckBitcoinBalance-frameworks.sh\"\n";
			showEnvVarsInLog = 0;
		};
		D02F8B53604847933F656C57 /* [CP] Check Pods Manifest.lock */ = {
			isa = PBXShellScriptBuildPhase;
			buildActionMask = 2147483647;
			files = (
			);
			inputPaths = (
				"${PODS_PODFILE_DIR_PATH}/Podfile.lock",
				"${PODS_ROOT}/Manifest.lock",
			);
			name = "[CP] Check Pods Manifest.lock";
			outputPaths = (
				"$(DERIVED_FILE_DIR)/Pods-CheckBitcoinBalance-checkManifestLockResult.txt",
			);
			runOnlyForDeploymentPostprocessing = 0;
			shellPath = /bin/sh;
			shellScript = "diff \"${PODS_PODFILE_DIR_PATH}/Podfile.lock\" \"${PODS_ROOT}/Manifest.lock\" > /dev/null\nif [ $? != 0 ] ; then\n    # print error to STDERR\n    echo \"error: The sandbox is not in sync with the Podfile.lock. Run 'pod install' or update your CocoaPods installation.\" >&2\n    exit 1\nfi\n# This output is used by Xcode 'outputs' to avoid re-running this script phase.\necho \"SUCCESS\" > \"${SCRIPT_OUTPUT_FILE_0}\"\n";
			showEnvVarsInLog = 0;
		};
/* End PBXShellScriptBuildPhase section */

/* Begin PBXSourcesBuildPhase section */
		DDFFD312216A4B1600951172 /* Sources */ = {
			isa = PBXSourcesBuildPhase;
			buildActionMask = 2147483647;
			files = (
				DDFFD336216A4D7800951172 /* CheckBitcoinBalanceViewModel.swift in Sources */,
				DDFFD334216A4CDA00951172 /* Bitcoin.swift in Sources */,
				DDFFD31C216A4B1600951172 /* CheckBitcoinBalanceViewController.swift in Sources */,
				DDFFD31A216A4B1600951172 /* AppDelegate.swift in Sources */,
			);
			runOnlyForDeploymentPostprocessing = 0;
		};
/* End PBXSourcesBuildPhase section */

/* Begin PBXVariantGroup section */
		DDFFD31D216A4B1600951172 /* Main.storyboard */ = {
			isa = PBXVariantGroup;
			children = (
				DDFFD31E216A4B1600951172 /* Base */,
			);
			name = Main.storyboard;
			sourceTree = "<group>";
		};
		DDFFD322216A4B1800951172 /* LaunchScreen.storyboard */ = {
			isa = PBXVariantGroup;
			children = (
				DDFFD323216A4B1800951172 /* Base */,
			);
			name = LaunchScreen.storyboard;
			sourceTree = "<group>";
		};
/* End PBXVariantGroup section */

/* Begin XCBuildConfiguration section */
		DDFFD326216A4B1800951172 /* Debug */ = {
			isa = XCBuildConfiguration;
			buildSettings = {
				ALWAYS_SEARCH_USER_PATHS = NO;
				CLANG_ANALYZER_NONNULL = YES;
				CLANG_ANALYZER_NUMBER_OBJECT_CONVERSION = YES_AGGRESSIVE;
				CLANG_CXX_LANGUAGE_STANDARD = "gnu++14";
				CLANG_CXX_LIBRARY = "libc++";
				CLANG_ENABLE_MODULES = YES;
				CLANG_ENABLE_OBJC_ARC = YES;
				CLANG_ENABLE_OBJC_WEAK = YES;
				CLANG_WARN_BLOCK_CAPTURE_AUTORELEASING = YES;
				CLANG_WARN_BOOL_CONVERSION = YES;
				CLANG_WARN_COMMA = YES;
				CLANG_WARN_CONSTANT_CONVERSION = YES;
				CLANG_WARN_DEPRECATED_OBJC_IMPLEMENTATIONS = YES;
				CLANG_WARN_DIRECT_OBJC_ISA_USAGE = YES_ERROR;
				CLANG_WARN_DOCUMENTATION_COMMENTS = YES;
				CLANG_WARN_EMPTY_BODY = YES;
				CLANG_WARN_ENUM_CONVERSION = YES;
				CLANG_WARN_INFINITE_RECURSION = YES;
				CLANG_WARN_INT_CONVERSION = YES;
				CLANG_WARN_NON_LITERAL_NULL_CONVERSION = YES;
				CLANG_WARN_OBJC_IMPLICIT_RETAIN_SELF = YES;
				CLANG_WARN_OBJC_LITERAL_CONVERSION = YES;
				CLANG_WARN_OBJC_ROOT_CLASS = YES_ERROR;
				CLANG_WARN_RANGE_LOOP_ANALYSIS = YES;
				CLANG_WARN_STRICT_PROTOTYPES = YES;
				CLANG_WARN_SUSPICIOUS_MOVE = YES;
				CLANG_WARN_UNGUARDED_AVAILABILITY = YES_AGGRESSIVE;
				CLANG_WARN_UNREACHABLE_CODE = YES;
				CLANG_WARN__DUPLICATE_METHOD_MATCH = YES;
				CODE_SIGN_IDENTITY = "iPhone Developer";
				COPY_PHASE_STRIP = NO;
				DEBUG_INFORMATION_FORMAT = dwarf;
				ENABLE_STRICT_OBJC_MSGSEND = YES;
				ENABLE_TESTABILITY = YES;
				GCC_C_LANGUAGE_STANDARD = gnu11;
				GCC_DYNAMIC_NO_PIC = NO;
				GCC_NO_COMMON_BLOCKS = YES;
				GCC_OPTIMIZATION_LEVEL = 0;
				GCC_PREPROCESSOR_DEFINITIONS = (
					"DEBUG=1",
					"$(inherited)",
				);
				GCC_WARN_64_TO_32_BIT_CONVERSION = YES;
				GCC_WARN_ABOUT_RETURN_TYPE = YES_ERROR;
				GCC_WARN_UNDECLARED_SELECTOR = YES;
				GCC_WARN_UNINITIALIZED_AUTOS = YES_AGGRESSIVE;
				GCC_WARN_UNUSED_FUNCTION = YES;
				GCC_WARN_UNUSED_VARIABLE = YES;
				IPHONEOS_DEPLOYMENT_TARGET = 12.0;
				MTL_ENABLE_DEBUG_INFO = INCLUDE_SOURCE;
				MTL_FAST_MATH = YES;
				ONLY_ACTIVE_ARCH = YES;
				SDKROOT = iphoneos;
				SWIFT_ACTIVE_COMPILATION_CONDITIONS = DEBUG;
				SWIFT_OPTIMIZATION_LEVEL = "-Onone";
			};
			name = Debug;
		};
		DDFFD327216A4B1800951172 /* Release */ = {
			isa = XCBuildConfiguration;
			buildSettings = {
				ALWAYS_SEARCH_USER_PATHS = NO;
				CLANG_ANALYZER_NONNULL = YES;
				CLANG_ANALYZER_NUMBER_OBJECT_CONVERSION = YES_AGGRESSIVE;
				CLANG_CXX_LANGUAGE_STANDARD = "gnu++14";
				CLANG_CXX_LIBRARY = "libc++";
				CLANG_ENABLE_MODULES = YES;
				CLANG_ENABLE_OBJC_ARC = YES;
				CLANG_ENABLE_OBJC_WEAK = YES;
				CLANG_WARN_BLOCK_CAPTURE_AUTORELEASING = YES;
				CLANG_WARN_BOOL_CONVERSION = YES;
				CLANG_WARN_COMMA = YES;
				CLANG_WARN_CONSTANT_CONVERSION = YES;
				CLANG_WARN_DEPRECATED_OBJC_IMPLEMENTATIONS = YES;
				CLANG_WARN_DIRECT_OBJC_ISA_USAGE = YES_ERROR;
				CLANG_WARN_DOCUMENTATION_COMMENTS = YES;
				CLANG_WARN_EMPTY_BODY = YES;
				CLANG_WARN_ENUM_CONVERSION = YES;
				CLANG_WARN_INFINITE_RECURSION = YES;
				CLANG_WARN_INT_CONVERSION = YES;
				CLANG_WARN_NON_LITERAL_NULL_CONVERSION = YES;
				CLANG_WARN_OBJC_IMPLICIT_RETAIN_SELF = YES;
				CLANG_WARN_OBJC_LITERAL_CONVERSION = YES;
				CLANG_WARN_OBJC_ROOT_CLASS = YES_ERROR;
				CLANG_WARN_RANGE_LOOP_ANALYSIS = YES;
				CLANG_WARN_STRICT_PROTOTYPES = YES;
				CLANG_WARN_SUSPICIOUS_MOVE = YES;
				CLANG_WARN_UNGUARDED_AVAILABILITY = YES_AGGRESSIVE;
				CLANG_WARN_UNREACHABLE_CODE = YES;
				CLANG_WARN__DUPLICATE_METHOD_MATCH = YES;
				CODE_SIGN_IDENTITY = "iPhone Developer";
				COPY_PHASE_STRIP = NO;
				DEBUG_INFORMATION_FORMAT = "dwarf-with-dsym";
				ENABLE_NS_ASSERTIONS = NO;
				ENABLE_STRICT_OBJC_MSGSEND = YES;
				GCC_C_LANGUAGE_STANDARD = gnu11;
				GCC_NO_COMMON_BLOCKS = YES;
				GCC_WARN_64_TO_32_BIT_CONVERSION = YES;
				GCC_WARN_ABOUT_RETURN_TYPE = YES_ERROR;
				GCC_WARN_UNDECLARED_SELECTOR = YES;
				GCC_WARN_UNINITIALIZED_AUTOS = YES_AGGRESSIVE;
				GCC_WARN_UNUSED_FUNCTION = YES;
				GCC_WARN_UNUSED_VARIABLE = YES;
				IPHONEOS_DEPLOYMENT_TARGET = 12.0;
				MTL_ENABLE_DEBUG_INFO = NO;
				MTL_FAST_MATH = YES;
				SDKROOT = iphoneos;
				SWIFT_COMPILATION_MODE = wholemodule;
				SWIFT_OPTIMIZATION_LEVEL = "-O";
				VALIDATE_PRODUCT = YES;
			};
			name = Release;
		};
		DDFFD329216A4B1800951172 /* Debug */ = {
			isa = XCBuildConfiguration;
			baseConfigurationReference = 883FFF049C0F3F8DA9F5A945 /* Pods-CheckBitcoinBalance.debug.xcconfig */;
			buildSettings = {
				ASSETCATALOG_COMPILER_APPICON_NAME = AppIcon;
				CODE_SIGN_STYLE = Automatic;
				DEVELOPMENT_TEAM = 2SWL59DHLX;
				INFOPLIST_FILE = "$(SRCROOT)/CheckBitcoinBalance/Resources/Info.plist";
				LD_RUNPATH_SEARCH_PATHS = (
					"$(inherited)",
					"@executable_path/Frameworks",
				);
				PRODUCT_BUNDLE_IDENTIFIER = hvrlk.CheckBitcoinBalance;
				PRODUCT_NAME = "$(TARGET_NAME)";
				SWIFT_VERSION = 4.2;
				TARGETED_DEVICE_FAMILY = "1,2";
			};
			name = Debug;
		};
		DDFFD32A216A4B1800951172 /* Release */ = {
			isa = XCBuildConfiguration;
			baseConfigurationReference = DE252F00F970A5AF642F3A3B /* Pods-CheckBitcoinBalance.release.xcconfig */;
			buildSettings = {
				ASSETCATALOG_COMPILER_APPICON_NAME = AppIcon;
				CODE_SIGN_STYLE = Automatic;
				DEVELOPMENT_TEAM = 2SWL59DHLX;
				INFOPLIST_FILE = "$(SRCROOT)/CheckBitcoinBalance/Resources/Info.plist";
				LD_RUNPATH_SEARCH_PATHS = (
					"$(inherited)",
					"@executable_path/Frameworks",
				);
				PRODUCT_BUNDLE_IDENTIFIER = hvrlk.CheckBitcoinBalance;
				PRODUCT_NAME = "$(TARGET_NAME)";
				SWIFT_VERSION = 4.2;
				TARGETED_DEVICE_FAMILY = "1,2";
			};
			name = Release;
		};
/* End XCBuildConfiguration section */

/* Begin XCConfigurationList section */
		DDFFD311216A4B1600951172 /* Build configuration list for PBXProject "CheckBitcoinBalance" */ = {
			isa = XCConfigurationList;
			buildConfigurations = (
				DDFFD326216A4B1800951172 /* Debug */,
				DDFFD327216A4B1800951172 /* Release */,
			);
			defaultConfigurationIsVisible = 0;
			defaultConfigurationName = Release;
		};
		DDFFD328216A4B1800951172 /* Build configuration list for PBXNativeTarget "CheckBitcoinBalance" */ = {
			isa = XCConfigurationList;
			buildConfigurations = (
				DDFFD329216A4B1800951172 /* Debug */,
				DDFFD32A216A4B1800951172 /* Release */,
			);
			defaultConfigurationIsVisible = 0;
			defaultConfigurationName = Release;
		};
/* End XCConfigurationList section */
	};
	rootObject = DDFFD30E216A4B1600951172 /* Project object */;
}
